
Microsoft Visual Studio Solution File, Format Version 12.00
# Visual Studio Version 16
VisualStudioVersion = 16.0.29905.134
MinimumVisualStudioVersion = 10.0.40219.1
Project("{FAE04EC0-301F-11D3-BF4B-00C04F79EFBC}") = "ConsoleApp7", "ConsoleApp7.csproj", "{6EBB4444-8142-4B2B-8698-4A669B052EEB}"
EndProject
Global
	GlobalSection(SolutionConfigurationPlatforms) = preSolution
		Debug|Any CPU = Debug|Any CPU
		Release|Any CPU = Release|Any CPU
	EndGlobalSection
	GlobalSection(ProjectConfigurationPlatforms) = postSolution
		{6EBB4444-8142-4B2B-8698-4A669B052EEB}.Debug|Any CPU.ActiveCfg = Debug|Any CPU
		{6EBB4444-8142-4B2B-8698-4A669B052EEB}.Debug|Any CPU.Build.0 = Debug|Any CPU
		{6EBB4444-8142-4B2B-8698-4A669B052EEB}.Release|Any CPU.ActiveCfg = Release|Any CPU
		{6EBB4444-8142-4B2B-8698-4A669B052EEB}.Release|Any CPU.Build.0 = Release|Any CPU
	EndGlobalSection
	GlobalSection(SolutionProperties) = preSolution
		HideSolutionNode = FALSE
	EndGlobalSection
	GlobalSection(ExtensibilityGlobals) = postSolution
		SolutionGuid = {EB9B1B4B-1256-4136-8DCA-8BEDDA9C90C1}
	EndGlobalSection
EndGlobal
